
Microsoft Visual Studio Solution File, Format Version 12.00
# Visual Studio Version 17
VisualStudioVersion = 17.4.33205.214
MinimumVisualStudioVersion = 10.0.40219.1
Project("{2150E333-8FDC-42A3-9474-1A3956D46DE8}") = "Services", "Services", "{435AC05D-626E-4FDD-B401-AD221A429AFB}"
EndProject
Project("{2150E333-8FDC-42A3-9474-1A3956D46DE8}") = "Libs", "Libs", "{CA7EF69C-091C-458A-879C-03CB4599D271}"
EndProject
Project("{2150E333-8FDC-42A3-9474-1A3956D46DE8}") = "AuthService", "AuthService", "{A7333084-793D-4251-85EA-986B8D8822EA}"
EndProject
Project("{2150E333-8FDC-42A3-9474-1A3956D46DE8}") = "StockService", "StockService", "{2FE10182-B909-45E4-9B96-2953F719D5BD}"
EndProject
Project("{2150E333-8FDC-42A3-9474-1A3956D46DE8}") = "TransactionService", "TransactionService", "{F0A707FE-8436-4477-9B25-D7080A61890A}"
EndProject
Project("{9A19103F-16F7-4668-BE54-9A1E7A4F7556}") = "CCSE.AuthServer", "CCSE.AuthServer\CCSE.AuthServer.csproj", "{5103F795-0A7C-4B2A-B2CA-70EF55C04CB2}"
EndProject
Project("{E53339B2-1760-4266-BCC7-CA923CBCF16C}") = "docker-compose", "docker-compose.dcproj", "{32681B83-8C64-4A18-A094-7665CAEAC2A2}"
EndProject
Project("{9A19103F-16F7-4668-BE54-9A1E7A4F7556}") = "CCSE.Utils", "CCSE.Utils\CCSE.Utils.csproj", "{1B3242F8-18D8-4856-9C3A-3EFAB8F2507D}"
EndProject
Project("{9A19103F-16F7-4668-BE54-9A1E7A4F7556}") = "CCSE.StockApi", "CCSE.StockApi\CCSE.StockApi.csproj", "{B1853AB0-5EE5-490E-8B36-3CB1C9CB4CE2}"
EndProject
Project("{9A19103F-16F7-4668-BE54-9A1E7A4F7556}") = "CCSE.TransactionApi", "CCSE.TransactionApi\CCSE.TransactionApi.csproj", "{B5E81D29-CE27-4D6D-8A73-4B3F9AAD71BE}"
EndProject
Project("{9A19103F-16F7-4668-BE54-9A1E7A4F7556}") = "CCSE.UserService", "CCSE.UserService\CCSE.UserService.csproj", "{02064850-23BC-4B80-B0C1-9F9D7E52DE1F}"
EndProject
Project("{2150E333-8FDC-42A3-9474-1A3956D46DE8}") = "Deployment", "Deployment", "{53810309-D564-46B1-B467-DADF786C237B}"
EndProject
Project("{2150E333-8FDC-42A3-9474-1A3956D46DE8}") = "Native", "Native", "{3D57A0C6-08AC-4C3D-9C3D-57CC35086AA4}"
	ProjectSection(SolutionItems) = preProject
		AuthService.yml = AuthService.yml
		StockService.yml = StockService.yml
		TransactionService.yml = TransactionService.yml
		UserService.yml = UserService.yml
	EndProjectSection
EndProject
Project("{2150E333-8FDC-42A3-9474-1A3956D46DE8}") = "Secrets", "Secrets", "{5954CC90-72A1-45F7-AF32-BD42B65505B2}"
	ProjectSection(SolutionItems) = preProject
		AuthSecret.yml = AuthSecret.yml
		StockSecret.yml = StockSecret.yml
		TransactionSecret.yml = TransactionSecret.yml
		UserSecret.yml = UserSecret.yml
	EndProjectSection
EndProject
Global
	GlobalSection(SolutionConfigurationPlatforms) = preSolution
		Debug|Any CPU = Debug|Any CPU
		Release|Any CPU = Release|Any CPU
	EndGlobalSection
	GlobalSection(ProjectConfigurationPlatforms) = postSolution
		{5103F795-0A7C-4B2A-B2CA-70EF55C04CB2}.Debug|Any CPU.ActiveCfg = Debug|Any CPU
		{5103F795-0A7C-4B2A-B2CA-70EF55C04CB2}.Debug|Any CPU.Build.0 = Debug|Any CPU
		{5103F795-0A7C-4B2A-B2CA-70EF55C04CB2}.Release|Any CPU.ActiveCfg = Release|Any CPU
		{5103F795-0A7C-4B2A-B2CA-70EF55C04CB2}.Release|Any CPU.Build.0 = Release|Any CPU
		{32681B83-8C64-4A18-A094-7665CAEAC2A2}.Debug|Any CPU.ActiveCfg = Debug|Any CPU
		{32681B83-8C64-4A18-A094-7665CAEAC2A2}.Debug|Any CPU.Build.0 = Debug|Any CPU
		{32681B83-8C64-4A18-A094-7665CAEAC2A2}.Release|Any CPU.ActiveCfg = Release|Any CPU
		{32681B83-8C64-4A18-A094-7665CAEAC2A2}.Release|Any CPU.Build.0 = Release|Any CPU
		{1B3242F8-18D8-4856-9C3A-3EFAB8F2507D}.Debug|Any CPU.ActiveCfg = Debug|Any CPU
		{1B3242F8-18D8-4856-9C3A-3EFAB8F2507D}.Debug|Any CPU.Build.0 = Debug|Any CPU
		{1B3242F8-18D8-4856-9C3A-3EFAB8F2507D}.Release|Any CPU.ActiveCfg = Release|Any CPU
		{1B3242F8-18D8-4856-9C3A-3EFAB8F2507D}.Release|Any CPU.Build.0 = Release|Any CPU
		{B1853AB0-5EE5-490E-8B36-3CB1C9CB4CE2}.Debug|Any CPU.ActiveCfg = Debug|Any CPU
		{B1853AB0-5EE5-490E-8B36-3CB1C9CB4CE2}.Debug|Any CPU.Build.0 = Debug|Any CPU
		{B1853AB0-5EE5-490E-8B36-3CB1C9CB4CE2}.Release|Any CPU.ActiveCfg = Release|Any CPU
		{B1853AB0-5EE5-490E-8B36-3CB1C9CB4CE2}.Release|Any CPU.Build.0 = Release|Any CPU
		{B5E81D29-CE27-4D6D-8A73-4B3F9AAD71BE}.Debug|Any CPU.ActiveCfg = Debug|Any CPU
		{B5E81D29-CE27-4D6D-8A73-4B3F9AAD71BE}.Debug|Any CPU.Build.0 = Debug|Any CPU
		{B5E81D29-CE27-4D6D-8A73-4B3F9AAD71BE}.Release|Any CPU.ActiveCfg = Release|Any CPU
		{B5E81D29-CE27-4D6D-8A73-4B3F9AAD71BE}.Release|Any CPU.Build.0 = Release|Any CPU
		{02064850-23BC-4B80-B0C1-9F9D7E52DE1F}.Debug|Any CPU.ActiveCfg = Debug|Any CPU
		{02064850-23BC-4B80-B0C1-9F9D7E52DE1F}.Debug|Any CPU.Build.0 = Debug|Any CPU
		{02064850-23BC-4B80-B0C1-9F9D7E52DE1F}.Release|Any CPU.ActiveCfg = Release|Any CPU
		{02064850-23BC-4B80-B0C1-9F9D7E52DE1F}.Release|Any CPU.Build.0 = Release|Any CPU
	EndGlobalSection
	GlobalSection(SolutionProperties) = preSolution
		HideSolutionNode = FALSE
	EndGlobalSection
	GlobalSection(NestedProjects) = preSolution
		{A7333084-793D-4251-85EA-986B8D8822EA} = {435AC05D-626E-4FDD-B401-AD221A429AFB}
		{2FE10182-B909-45E4-9B96-2953F719D5BD} = {435AC05D-626E-4FDD-B401-AD221A429AFB}
		{F0A707FE-8436-4477-9B25-D7080A61890A} = {435AC05D-626E-4FDD-B401-AD221A429AFB}
		{5103F795-0A7C-4B2A-B2CA-70EF55C04CB2} = {A7333084-793D-4251-85EA-986B8D8822EA}
		{1B3242F8-18D8-4856-9C3A-3EFAB8F2507D} = {CA7EF69C-091C-458A-879C-03CB4599D271}
		{B1853AB0-5EE5-490E-8B36-3CB1C9CB4CE2} = {2FE10182-B909-45E4-9B96-2953F719D5BD}
		{B5E81D29-CE27-4D6D-8A73-4B3F9AAD71BE} = {F0A707FE-8436-4477-9B25-D7080A61890A}
		{02064850-23BC-4B80-B0C1-9F9D7E52DE1F} = {A7333084-793D-4251-85EA-986B8D8822EA}
		{3D57A0C6-08AC-4C3D-9C3D-57CC35086AA4} = {53810309-D564-46B1-B467-DADF786C237B}
		{5954CC90-72A1-45F7-AF32-BD42B65505B2} = {53810309-D564-46B1-B467-DADF786C237B}
	EndGlobalSection
	GlobalSection(ExtensibilityGlobals) = postSolution
		SolutionGuid = {F0719DAE-9F0D-4782-8CAD-32F2151EE220}
	EndGlobalSection
EndGlobal
